{
  "name": "frontend",
  "version": "0.5.1",
  "lockfileVersion": 3,
  "requires": true,
  "packages": {
    "": {
      "name": "frontend",
      "version": "0.5.1",
      "dependencies": {
        "@fontsource/open-sans-condensed": "^4.5.5",
        "@fontsource/roboto": "5.2.6",
        "@highlightjs/vue-plugin": "^2.1.0",
        "@koumoul/vjsf": "3.14.0",
        "@mdi/font": "^7.4.47",
        "@rollup/plugin-commonjs": "^28.0.2",
        "@vue/compat": "^3.5.13",
        "ajv": "^8.17.1",
        "ajv-errors": "^3.0.0",
        "ajv-formats": "^3.0.1",
        "ajv-i18n": "^4.2.0",
        "debug": "^4.4.1",
        "highlight.js": "^11.11.1",
        "js-yaml": "^4.1.0",
        "just-clone": "^6.2.0",
        "konva": "^9.3.18",
        "notyf": "^3.10.0",
        "pinia": "^3.0.1",
        "splitpanes": "^4.0.0",
        "vee-validate": "^4.15.0",
        "vue": "^3.5.13",
        "vue-router": "4.5.1",
        "vue-tsc": "^3.0.0",
        "vuetify": "^3.7.13"
      },
      "devDependencies": {
        "@babel/types": "^7.26.9",
        "@eslint/compat": "^1.3.1",
        "@eslint/js": "^9.21.0",
        "@faker-js/faker": "^9.5.0",
        "@types/js-yaml": "^4.0.9",
        "@types/node": "^22.13.5",
        "@typescript-eslint/eslint-plugin": "^8.36.0",
        "@typescript-eslint/parser": "^8.36.0",
        "@vitejs/plugin-vue": "^6.0.0",
        "@vitest/coverage-v8": "^3.0.6",
        "@vue/eslint-config-typescript": "^14.6.0",
        "cypress": "^14.0.3",
        "eslint": "^9.31.0",
        "eslint-config-prettier": "^10.1.5",
        "eslint-plugin-prettier": "^5.2.3",
        "eslint-plugin-vue": "^10.3.0",
        "eslint-plugin-vuetify": "^2.5.1",
        "globals": "^16.3.0",
        "prettier": "^3.5.2",
        "sass": "^1.85.0",
        "typescript": "^5.5.4",
        "vite": "^7.0.0",
        "vite-plugin-pwa": "^1.0.0",
        "vite-plugin-vuetify": "^2.1.0",
        "vitest": "^3.0.6",
        "vue-eslint-parser": "^10.2.0",
        "ws": "^8.18.1"
      }
    },
    "node_modules/@babel/helper-string-parser": {
      "version": "7.27.1",
      "resolved": "https://registry.npmjs.org/@babel/helper-string-parser/-/helper-string-parser-7.27.1.tgz",
      "integrity": "sha512-qMlSxKbpRlAridDExk92nSobyDdpPijUq2DW6oDnUqd0iOGxmQjyqhMIihI9+zv4LPyZdRje2cavWPbCbWm3eA==",
      "engines": {
        "node": ">=6.9.0"
      }
    },
    "node_modules/@babel/helper-validator-identifier": {
      "version": "7.28.5",
      "resolved": "https://registry.npmjs.org/@babel/helper-validator-identifier/-/helper-validator-identifier-7.28.5.tgz",
      "integrity": "sha512-qSs4ifwzKJSV39ucNjsvc6WVHs6b7S03sOh2OcHF9UHfVPqWWALUsNUVzhSBiItjRZoLHx7nIarVjqKVusUZ1Q==",
      "engines": {
        "node": ">=6.9.0"
      }
    },
    "node_modules/@babel/parser": {
      "version": "7.28.5",
      "resolved": "https://registry.npmjs.org/@babel/parser/-/parser-7.28.5.tgz",
      "integrity": "sha512-KKBU1VGYR7ORr3At5HAtUQ+TV3SzRCXmA/8OdDZiLDBIZxVyzXuztPjfLd3BV1PRAQGCMWWSHYhL0F8d5uHBDQ==",
      "dependencies": {
        "@babel/types": "^7.28.5"
      },
      "bin": {
        "parser": "bin/babel-parser.js"
      },
      "engines": {
        "node": ">=6.0.0"
      }
    },
    "node_modules/@babel/types": {
      "version": "7.28.5",
      "resolved": "https://registry.npmjs.org/@babel/types/-/types-7.28.5.tgz",
      "integrity": "sha512-qQ5m48eI/MFLQ5PxQj4PFaprjyCTLI37ElWMmNs0K8Lk3dVeOdNpB3ks8jc7yM5CDmVC73eMVk/trk3fgmrUpA==",
      "dependencies": {
        "@babel/helper-string-parser": "^7.27.1",
        "@babel/helper-validator-identifier": "^7.28.5"
      },
      "engines": {
        "node": ">=6.9.0"
      }
    },
    "node_modules/@fontsource/open-sans-condensed": {
      "version": "4.5.5",
      "resolved": "https://registry.npmjs.org/@fontsource/open-sans-condensed/-/open-sans-condensed-4.5.5.tgz",
      "integrity": "sha512-ah6DBSWgjWEG20tVJnvcUQ/8XTfnGpuOGK4HLTF91vtrGg7PyrdEMlao/O1+S4i+SzeuJCmf5Qbc3eWponBL3Q=="
    },
    "node_modules/@fontsource/roboto": {
      "version": "5.2.6",
      "resolved": "https://registry.npmjs.org/@fontsource/roboto/-/roboto-5.2.6.tgz",
      "integrity": "sha512-hzarG7yAhMoP418smNgfY4fO7UmuUEm5JUtbxCoCcFHT0hOJB+d/qAEyoNjz7YkPU5OjM2LM8rJnW8hfm0JLaA==",
      "funding": {
        "url": "https://github.com/sponsors/ayuhito"
      }
    },
    "node_modules/@highlightjs/vue-plugin": {
      "version": "2.1.0",
      "resolved": "https://registry.npmjs.org/@highlightjs/vue-plugin/-/vue-plugin-2.1.0.tgz",
      "integrity": "sha512-E+bmk4ncca+hBEYRV2a+1aIzIV0VSY/e5ArjpuSN9IO7wBJrzUE2u4ESCwrbQD7sAy+jWQjkV5qCCWgc+pu7CQ==",
      "peerDependencies": {
        "highlight.js": "^11.0.1",
        "vue": "^3"
      }
    },
    "node_modules/@jridgewell/sourcemap-codec": {
      "version": "1.5.5",
      "resolved": "https://registry.npmjs.org/@jridgewell/sourcemap-codec/-/sourcemap-codec-1.5.5.tgz",
      "integrity": "sha512-cYQ9310grqxueWbl+WuIUIaiUaDcj7WOq5fVhEljNVgRfOUhY9fy2zTvfoqWsnebh8Sl70VScFbICvJnLKB0Og=="
    },
    "node_modules/@json-layout/core": {
      "version": "1.10.11",
      "resolved": "https://registry.npmjs.org/@json-layout/core/-/core-1.10.11.tgz",
      "integrity": "sha512-45YhDUQYiuPmRDjYLUGe1b90EC0YT8D7OAvFXAew56Xwdf6fLFOvr7UcfpcObaZARTgG4QzQ1aTzOZOEbvaLFg==",
      "dependencies": {
        "ajv": "^8.17.1",
        "ajv-errors": "^3.0.0",
        "ajv-formats": "^3.0.1",
        "ajv-i18n": "^4.2.0",
        "debug": "^4.3.4",
        "immer": "^10.0.3",
        "magicast": "^0.3.3",
        "marked": "^15.0.7"
      },
      "peerDependencies": {
        "@json-layout/vocabulary": "^2.3.1"
      }
    },
    "node_modules/@json-layout/vocabulary": {
      "version": "2.3.3",
      "resolved": "https://registry.npmjs.org/@json-layout/vocabulary/-/vocabulary-2.3.3.tgz",
      "integrity": "sha512-M2IqHnPcpKUAOrFSSH7Nv7yu9nkQll8R4kPcz5FRWE223rpg9KYV5cmTXzZ0HAglN949I48a2u8l4ua2PknKpQ==",
      "dependencies": {
        "ajv": "^8.17.1",
        "ajv-errors": "^3.0.0",
        "ajv-formats": "^3.0.1",
        "debug": "^4.3.4"
      }
    },
    "node_modules/@koumoul/vjsf": {
      "version": "3.14.0",
      "resolved": "https://registry.npmjs.org/@koumoul/vjsf/-/vjsf-3.14.0.tgz",
      "integrity": "sha512-sZube/Pd1E2BOcoHRUQW5ngAvYaWku6nFZqnwWI81kSXgxHfT66cOBM7189771GPR2iZgSDCjdwhDflvC3xUow==",
      "dependencies": {
        "@json-layout/core": "~1.10.0",
        "@json-layout/vocabulary": "~2.3.0",
        "@vueuse/core": "^12.5.0",
        "debug": "^4.3.4"
      },
      "peerDependencies": {
        "vue": "^3.4.3",
        "vuetify": "^3.6.13"
      }
    },
    "node_modules/@mdi/font": {
      "version": "7.4.47",
      "resolved": "https://registry.npmjs.org/@mdi/font/-/font-7.4.47.tgz",
      "integrity": "sha512-43MtGpd585SNzHZPcYowu/84Vz2a2g31TvPMTm9uTiCSWzaheQySUcSyUH/46fPnuPQWof2yd0pGBtzee/IQWw=="
    },
    "node_modules/@rollup/plugin-commonjs": {
      "version": "28.0.9",
      "resolved": "https://registry.npmjs.org/@rollup/plugin-commonjs/-/plugin-commonjs-28.0.9.tgz",
      "integrity": "sha512-PIR4/OHZ79romx0BVVll/PkwWpJ7e5lsqFa3gFfcrFPWwLXLV39JVUzQV9RKjWerE7B845Hqjj9VYlQeieZ2dA==",
      "dependencies": {
        "@rollup/pluginutils": "^5.0.1",
        "commondir": "^1.0.1",
        "estree-walker": "^2.0.2",
        "fdir": "^6.2.0",
        "is-reference": "1.2.1",
        "magic-string": "^0.30.3",
        "picomatch": "^4.0.2"
      },
      "engines": {
        "node": ">=16.0.0 || 14 >= 14.17"
      },
      "peerDependencies": {
        "rollup": "^2.68.0||^3.0.0||^4.0.0"
      },
      "peerDependenciesMeta": {
        "rollup": {
          "optional": true
        }
      }
    },
    "node_modules/@rollup/pluginutils": {
      "version": "5.3.0",
      "resolved": "https://registry.npmjs.org/@rollup/pluginutils/-/pluginutils-5.3.0.tgz",
      "integrity": "sha512-5EdhGZtnu3V88ces7s53hhfK5KSASnJZv8Lulpc04cWO3REESroJXg73DFsOmgbU2BhwV0E20bu2IDZb3VKW4Q==",
      "dependencies": {
        "@types/estree": "^1.0.0",
        "estree-walker": "^2.0.2",
        "picomatch": "^4.0.2"
      },
      "engines": {
        "node": ">=14.0.0"
      },
      "peerDependencies": {
        "rollup": "^1.20.0||^2.0.0||^3.0.0||^4.0.0"
      },
      "peerDependenciesMeta": {
        "rollup": {
          "optional": true
        }
      }
    },
    "node_modules/@types/estree": {
      "version": "1.0.8",
      "resolved": "https://registry.npmjs.org/@types/estree/-/estree-1.0.8.tgz",
      "integrity": "sha512-dWHzHa2WqEXI/O1E9OjrocMTKJl2mSrEolh1Iomrv6U+JuNwaHXsXx9bLu5gG7BUWFIN0skIQJQ/L1rIex4X6w=="
    },
    "node_modules/@types/web-bluetooth": {
      "version": "0.0.21",
      "resolved": "https://registry.npmjs.org/@types/web-bluetooth/-/web-bluetooth-0.0.21.tgz",
      "integrity": "sha512-oIQLCGWtcFZy2JW77j9k8nHzAOpqMHLQejDA48XXMWH6tjCQHz5RCFz1bzsmROyL6PUm+LLnUiI4BCn221inxA=="
    },
    "node_modules/@volar/language-core": {
      "version": "2.4.23",
      "resolved": "https://registry.npmjs.org/@volar/language-core/-/language-core-2.4.23.tgz",
      "integrity": "sha512-hEEd5ET/oSmBC6pi1j6NaNYRWoAiDhINbT8rmwtINugR39loROSlufGdYMF9TaKGfz+ViGs1Idi3mAhnuPcoGQ==",
      "dependencies": {
        "@volar/source-map": "2.4.23"
      }
    },
    "node_modules/@volar/source-map": {
      "version": "2.4.23",
      "resolved": "https://registry.npmjs.org/@volar/source-map/-/source-map-2.4.23.tgz",
      "integrity": "sha512-Z1Uc8IB57Lm6k7q6KIDu/p+JWtf3xsXJqAX/5r18hYOTpJyBn0KXUR8oTJ4WFYOcDzWC9n3IflGgHowx6U6z9Q=="
    },
    "node_modules/@volar/typescript": {
      "version": "2.4.23",
      "resolved": "https://registry.npmjs.org/@volar/typescript/-/typescript-2.4.23.tgz",
      "integrity": "sha512-lAB5zJghWxVPqfcStmAP1ZqQacMpe90UrP5RJ3arDyrhy4aCUQqmxPPLB2PWDKugvylmO41ljK7vZ+t6INMTag==",
      "dependencies": {
        "@volar/language-core": "2.4.23",
        "path-browserify": "^1.0.1",
        "vscode-uri": "^3.0.8"
      }
    },
    "node_modules/@vue/compat": {
      "version": "3.5.22",
      "resolved": "https://registry.npmjs.org/@vue/compat/-/compat-3.5.22.tgz",
      "integrity": "sha512-uPRDr773Wvvq6axEE7qI/PiqNyka9jIweppH9qylPoPbrI4SKQMoAXL45Rtw6sIBznsqNw7LT2u8J+msXQprcA==",
      "dependencies": {
        "@babel/parser": "^7.28.4",
        "estree-walker": "^2.0.2",
        "source-map-js": "^1.2.1"
      },
      "peerDependencies": {
        "vue": "3.5.22"
      }
    },
    "node_modules/@vue/compiler-core": {
      "version": "3.5.22",
      "resolved": "https://registry.npmjs.org/@vue/compiler-core/-/compiler-core-3.5.22.tgz",
      "integrity": "sha512-jQ0pFPmZwTEiRNSb+i9Ow/I/cHv2tXYqsnHKKyCQ08irI2kdF5qmYedmF8si8mA7zepUFmJ2hqzS8CQmNOWOkQ==",
      "dependencies": {
        "@babel/parser": "^7.28.4",
        "@vue/shared": "3.5.22",
        "entities": "^4.5.0",
        "estree-walker": "^2.0.2",
        "source-map-js": "^1.2.1"
      }
    },
    "node_modules/@vue/compiler-dom": {
      "version": "3.5.22",
      "resolved": "https://registry.npmjs.org/@vue/compiler-dom/-/compiler-dom-3.5.22.tgz",
      "integrity": "sha512-W8RknzUM1BLkypvdz10OVsGxnMAuSIZs9Wdx1vzA3mL5fNMN15rhrSCLiTm6blWeACwUwizzPVqGJgOGBEN/hA==",
      "dependencies": {
        "@vue/compiler-core": "3.5.22",
        "@vue/shared": "3.5.22"
      }
    },
    "node_modules/@vue/compiler-sfc": {
      "version": "3.5.22",
      "resolved": "https://registry.npmjs.org/@vue/compiler-sfc/-/compiler-sfc-3.5.22.tgz",
      "integrity": "sha512-tbTR1zKGce4Lj+JLzFXDq36K4vcSZbJ1RBu8FxcDv1IGRz//Dh2EBqksyGVypz3kXpshIfWKGOCcqpSbyGWRJQ==",
      "dependencies": {
        "@babel/parser": "^7.28.4",
        "@vue/compiler-core": "3.5.22",
        "@vue/compiler-dom": "3.5.22",
        "@vue/compiler-ssr": "3.5.22",
        "@vue/shared": "3.5.22",
        "estree-walker": "^2.0.2",
        "magic-string": "^0.30.19",
        "postcss": "^8.5.6",
        "source-map-js": "^1.2.1"
      }
    },
    "node_modules/@vue/compiler-ssr": {
      "version": "3.5.22",
      "resolved": "https://registry.npmjs.org/@vue/compiler-ssr/-/compiler-ssr-3.5.22.tgz",
      "integrity": "sha512-GdgyLvg4R+7T8Nk2Mlighx7XGxq/fJf9jaVofc3IL0EPesTE86cP/8DD1lT3h1JeZr2ySBvyqKQJgbS54IX1Ww==",
      "dependencies": {
        "@vue/compiler-dom": "3.5.22",
        "@vue/shared": "3.5.22"
      }
    },
    "node_modules/@vue/devtools-api": {
      "version": "7.7.7",
      "resolved": "https://registry.npmjs.org/@vue/devtools-api/-/devtools-api-7.7.7.tgz",
      "integrity": "sha512-lwOnNBH2e7x1fIIbVT7yF5D+YWhqELm55/4ZKf45R9T8r9dE2AIOy8HKjfqzGsoTHFbWbr337O4E0A0QADnjBg==",
      "dependencies": {
        "@vue/devtools-kit": "^7.7.7"
      }
    },
    "node_modules/@vue/devtools-kit": {
      "version": "7.7.7",
      "resolved": "https://registry.npmjs.org/@vue/devtools-kit/-/devtools-kit-7.7.7.tgz",
      "integrity": "sha512-wgoZtxcTta65cnZ1Q6MbAfePVFxfM+gq0saaeytoph7nEa7yMXoi6sCPy4ufO111B9msnw0VOWjPEFCXuAKRHA==",
      "dependencies": {
        "@vue/devtools-shared": "^7.7.7",
        "birpc": "^2.3.0",
        "hookable": "^5.5.3",
        "mitt": "^3.0.1",
        "perfect-debounce": "^1.0.0",
        "speakingurl": "^14.0.1",
        "superjson": "^2.2.2"
      }
    },
    "node_modules/@vue/devtools-shared": {
      "version": "7.7.7",
      "resolved": "https://registry.npmjs.org/@vue/devtools-shared/-/devtools-shared-7.7.7.tgz",
      "integrity": "sha512-+udSj47aRl5aKb0memBvcUG9koarqnxNM5yjuREvqwK6T3ap4mn3Zqqc17QrBFTqSMjr3HK1cvStEZpMDpfdyw==",
      "dependencies": {
        "rfdc": "^1.4.1"
      }
    },
    "node_modules/@vue/language-core": {
      "version": "3.1.3",
      "resolved": "https://registry.npmjs.org/@vue/language-core/-/language-core-3.1.3.tgz",
      "integrity": "sha512-KpR1F/eGAG9D1RZ0/T6zWJs6dh/pRLfY5WupecyYKJ1fjVmDMgTPw9wXmKv2rBjo4zCJiOSiyB8BDP1OUwpMEA==",
      "dependencies": {
        "@volar/language-core": "2.4.23",
        "@vue/compiler-dom": "^3.5.0",
        "@vue/shared": "^3.5.0",
        "alien-signals": "^3.0.0",
        "muggle-string": "^0.4.1",
        "path-browserify": "^1.0.1",
        "picomatch": "^4.0.2"
      },
      "peerDependencies": {
        "typescript": "*"
      },
      "peerDependenciesMeta": {
        "typescript": {
          "optional": true
        }
      }
    },
    "node_modules/@vue/reactivity": {
      "version": "3.5.22",
      "resolved": "https://registry.npmjs.org/@vue/reactivity/-/reactivity-3.5.22.tgz",
      "integrity": "sha512-f2Wux4v/Z2pqc9+4SmgZC1p73Z53fyD90NFWXiX9AKVnVBEvLFOWCEgJD3GdGnlxPZt01PSlfmLqbLYzY/Fw4A==",
      "dependencies": {
        "@vue/shared": "3.5.22"
      }
    },
    "node_modules/@vue/runtime-core": {
      "version": "3.5.22",
      "resolved": "https://registry.npmjs.org/@vue/runtime-core/-/runtime-core-3.5.22.tgz",
      "integrity": "sha512-EHo4W/eiYeAzRTN5PCextDUZ0dMs9I8mQ2Fy+OkzvRPUYQEyK9yAjbasrMCXbLNhF7P0OUyivLjIy0yc6VrLJQ==",
      "dependencies": {
        "@vue/reactivity": "3.5.22",
        "@vue/shared": "3.5.22"
      }
    },
    "node_modules/@vue/runtime-dom": {
      "version": "3.5.22",
      "resolved": "https://registry.npmjs.org/@vue/runtime-dom/-/runtime-dom-3.5.22.tgz",
      "integrity": "sha512-Av60jsryAkI023PlN7LsqrfPvwfxOd2yAwtReCjeuugTJTkgrksYJJstg1e12qle0NarkfhfFu1ox2D+cQotww==",
      "dependencies": {
        "@vue/reactivity": "3.5.22",
        "@vue/runtime-core": "3.5.22",
        "@vue/shared": "3.5.22",
        "csstype": "^3.1.3"
      }
    },
    "node_modules/@vue/server-renderer": {
      "version": "3.5.22",
      "resolved": "https://registry.npmjs.org/@vue/server-renderer/-/server-renderer-3.5.22.tgz",
      "integrity": "sha512-gXjo+ao0oHYTSswF+a3KRHZ1WszxIqO7u6XwNHqcqb9JfyIL/pbWrrh/xLv7jeDqla9u+LK7yfZKHih1e1RKAQ==",
      "dependencies": {
        "@vue/compiler-ssr": "3.5.22",
        "@vue/shared": "3.5.22"
      },
      "peerDependencies": {
        "vue": "3.5.22"
      }
    },
    "node_modules/@vue/shared": {
      "version": "3.5.22",
      "resolved": "https://registry.npmjs.org/@vue/shared/-/shared-3.5.22.tgz",
      "integrity": "sha512-F4yc6palwq3TT0u+FYf0Ns4Tfl9GRFURDN2gWG7L1ecIaS/4fCIuFOjMTnCyjsu/OK6vaDKLCrGAa+KvvH+h4w=="
    },
    "node_modules/@vuetify/loader-shared": {
      "version": "2.1.1",
      "resolved": "https://registry.npmjs.org/@vuetify/loader-shared/-/loader-shared-2.1.1.tgz",
      "integrity": "sha512-jSZTzTYaoiv8iwonFCVZQ0YYX/M+Uyl4ng+C4egMJT0Hcmh9gIxJL89qfZICDeo3g0IhqrvipW2FFKKRDMtVcA==",
      "devOptional": true,
      "dependencies": {
        "upath": "^2.0.1"
      },
      "peerDependencies": {
        "vue": "^3.0.0",
        "vuetify": "^3.0.0"
      }
    },
    "node_modules/@vueuse/core": {
      "version": "12.8.2",
      "resolved": "https://registry.npmjs.org/@vueuse/core/-/core-12.8.2.tgz",
      "integrity": "sha512-HbvCmZdzAu3VGi/pWYm5Ut+Kd9mn1ZHnn4L5G8kOQTPs/IwIAmJoBrmYk2ckLArgMXZj0AW3n5CAejLUO+PhdQ==",
      "dependencies": {
        "@types/web-bluetooth": "^0.0.21",
        "@vueuse/metadata": "12.8.2",
        "@vueuse/shared": "12.8.2",
        "vue": "^3.5.13"
      },
      "funding": {
        "url": "https://github.com/sponsors/antfu"
      }
    },
    "node_modules/@vueuse/metadata": {
      "version": "12.8.2",
      "resolved": "https://registry.npmjs.org/@vueuse/metadata/-/metadata-12.8.2.tgz",
      "integrity": "sha512-rAyLGEuoBJ/Il5AmFHiziCPdQzRt88VxR+Y/A/QhJ1EWtWqPBBAxTAFaSkviwEuOEZNtW8pvkPgoCZQ+HxqW1A==",
      "funding": {
        "url": "https://github.com/sponsors/antfu"
      }
    },
    "node_modules/@vueuse/shared": {
      "version": "12.8.2",
      "resolved": "https://registry.npmjs.org/@vueuse/shared/-/shared-12.8.2.tgz",
      "integrity": "sha512-dznP38YzxZoNloI0qpEfpkms8knDtaoQ6Y/sfS0L7Yki4zh40LFHEhur0odJC6xTHG5dxWVPiUWBXn+wCG2s5w==",
      "dependencies": {
        "vue": "^3.5.13"
      },
      "funding": {
        "url": "https://github.com/sponsors/antfu"
      }
    },
    "node_modules/ajv": {
      "version": "8.17.1",
      "resolved": "https://registry.npmjs.org/ajv/-/ajv-8.17.1.tgz",
      "integrity": "sha512-B/gBuNg5SiMTrPkC+A2+cW0RszwxYmn6VYxB/inlBStS5nx6xHIt/ehKRhIMhqusl7a8LjQoZnjCs5vhwxOQ1g==",
      "dependencies": {
        "fast-deep-equal": "^3.1.3",
        "fast-uri": "^3.0.1",
        "json-schema-traverse": "^1.0.0",
        "require-from-string": "^2.0.2"
      },
      "funding": {
        "type": "github",
        "url": "https://github.com/sponsors/epoberezkin"
      }
    },
    "node_modules/ajv-errors": {
      "version": "3.0.0",
      "resolved": "https://registry.npmjs.org/ajv-errors/-/ajv-errors-3.0.0.tgz",
      "integrity": "sha512-V3wD15YHfHz6y0KdhYFjyy9vWtEVALT9UrxfN3zqlI6dMioHnJrqOYfyPKol3oqrnCM9uwkcdCwkJ0WUcbLMTQ==",
      "peerDependencies": {
        "ajv": "^8.0.1"
      }
    },
    "node_modules/ajv-formats": {
      "version": "3.0.1",
      "resolved": "https://registry.npmjs.org/ajv-formats/-/ajv-formats-3.0.1.tgz",
      "integrity": "sha512-8iUql50EUR+uUcdRQ3HDqa6EVyo3docL8g5WJ3FNcWmu62IbkGUue/pEyLBW8VGKKucTPgqeks4fIU1DA4yowQ==",
      "dependencies": {
        "ajv": "^8.0.0"
      },
      "peerDependencies": {
        "ajv": "^8.0.0"
      },
      "peerDependenciesMeta": {
        "ajv": {
          "optional": true
        }
      }
    },
    "node_modules/ajv-i18n": {
      "version": "4.2.0",
      "resolved": "https://registry.npmjs.org/ajv-i18n/-/ajv-i18n-4.2.0.tgz",
      "integrity": "sha512-v/ei2UkCEeuKNXh8RToiFsUclmU+G57LO1Oo22OagNMENIw+Yb8eMwvHu7Vn9fmkjJyv6XclhJ8TbuigSglPkg==",
      "peerDependencies": {
        "ajv": "^8.0.0-beta.0"
      }
    },
    "node_modules/alien-signals": {
      "version": "3.0.6",
      "resolved": "https://registry.npmjs.org/alien-signals/-/alien-signals-3.0.6.tgz",
      "integrity": "sha512-gCs0YqC1mkYGC6IRXsSrA62ShOSv1FlVN5tRp/Cs2vRWLK/BAeluWIdfsl253pFQPznKEvRmHhfep7crWfyfWQ=="
    },
    "node_modules/argparse": {
      "version": "2.0.1",
      "resolved": "https://registry.npmjs.org/argparse/-/argparse-2.0.1.tgz",
      "integrity": "sha512-8+9WqebbFzpX9OR+Wa6O29asIogeRMzcGtAINdpMHHyAg10f05aSFVBbcEqGf/PXw1EjAZ+q2/bEBg3DvurK3Q=="
    },
    "node_modules/birpc": {
      "version": "2.7.0",
      "resolved": "https://registry.npmjs.org/birpc/-/birpc-2.7.0.tgz",
      "integrity": "sha512-tub/wFGH49vNCm0xraykcY3TcRgX/3JsALYq/Lwrtti+bTyFHkCUAWF5wgYoie8P41wYwig2mIKiqoocr1EkEQ==",
      "funding": {
        "url": "https://github.com/sponsors/antfu"
      }
    },
    "node_modules/commondir": {
      "version": "1.0.1",
      "resolved": "https://registry.npmjs.org/commondir/-/commondir-1.0.1.tgz",
      "integrity": "sha512-W9pAhw0ja1Edb5GVdIF1mjZw/ASI0AlShXM83UUGe2DVr5TdAPEA1OA8m/g8zWp9x6On7gqufY+FatDbC3MDQg=="
    },
    "node_modules/copy-anything": {
      "version": "4.0.5",
      "resolved": "https://registry.npmjs.org/copy-anything/-/copy-anything-4.0.5.tgz",
      "integrity": "sha512-7Vv6asjS4gMOuILabD3l739tsaxFQmC+a7pLZm02zyvs8p977bL3zEgq3yDk5rn9B0PbYgIv++jmHcuUab4RhA==",
      "dependencies": {
        "is-what": "^5.2.0"
      },
      "engines": {
        "node": ">=18"
      },
      "funding": {
        "url": "https://github.com/sponsors/mesqueeb"
      }
    },
    "node_modules/csstype": {
      "version": "3.1.3",
      "resolved": "https://registry.npmjs.org/csstype/-/csstype-3.1.3.tgz",
      "integrity": "sha512-M1uQkMl8rQK/szD0LNhtqxIPLpimGm8sOBwU7lLnCpSbTyY3yeU1Vc7l4KT5zT4s/yOxHH5O7tIuuLOCnLADRw=="
    },
    "node_modules/debug": {
      "version": "4.4.3",
      "resolved": "https://registry.npmjs.org/debug/-/debug-4.4.3.tgz",
      "integrity": "sha512-RGwwWnwQvkVfavKVt22FGLw+xYSdzARwm0ru6DhTVA3umU5hZc28V3kO4stgYryrTlLpuvgI9GiijltAjNbcqA==",
      "dependencies": {
        "ms": "^2.1.3"
      },
      "engines": {
        "node": ">=6.0"
      },
      "peerDependenciesMeta": {
        "supports-color": {
          "optional": true
        }
      }
    },
    "node_modules/entities": {
      "version": "4.5.0",
      "resolved": "https://registry.npmjs.org/entities/-/entities-4.5.0.tgz",
      "integrity": "sha512-V0hjH4dGPh9Ao5p0MoRY6BVqtwCjhz6vI5LT8AJ55H+4g9/4vbHx1I54fS0XuclLhDHArPQCiMjDxjaL8fPxhw==",
      "engines": {
        "node": ">=0.12"
      },
      "funding": {
        "url": "https://github.com/fb55/entities?sponsor=1"
      }
    },
    "node_modules/esbuild": {
      "version": "0.25.12",
      "resolved": "https://registry.npmjs.org/esbuild/-/esbuild-0.25.12.tgz",
      "integrity": "sha512-bbPBYYrtZbkt6Os6FiTLCTFxvq4tt3JKall1vRwshA3fdVztsLAatFaZobhkBC8/BrPetoa0oksYoKXoG4ryJg==",
      "devOptional": true,
      "hasInstallScript": true,
      "bin": {
        "esbuild": "bin/esbuild"
      },
      "engines": {
        "node": ">=18"
      },
      "optionalDependencies": {
        "@esbuild/aix-ppc64": "0.25.12",
        "@esbuild/android-arm": "0.25.12",
        "@esbuild/android-arm64": "0.25.12",
        "@esbuild/android-x64": "0.25.12",
        "@esbuild/darwin-arm64": "0.25.12",
        "@esbuild/darwin-x64": "0.25.12",
        "@esbuild/freebsd-arm64": "0.25.12",
        "@esbuild/freebsd-x64": "0.25.12",
        "@esbuild/linux-arm": "0.25.12",
        "@esbuild/linux-arm64": "0.25.12",
        "@esbuild/linux-ia32": "0.25.12",
        "@esbuild/linux-loong64": "0.25.12",
        "@esbuild/linux-mips64el": "0.25.12",
        "@esbuild/linux-ppc64": "0.25.12",
        "@esbuild/linux-riscv64": "0.25.12",
        "@esbuild/linux-s390x": "0.25.12",
        "@esbuild/linux-x64": "0.25.12",
        "@esbuild/netbsd-arm64": "0.25.12",
        "@esbuild/netbsd-x64": "0.25.12",
        "@esbuild/openbsd-arm64": "0.25.12",
        "@esbuild/openbsd-x64": "0.25.12",
        "@esbuild/openharmony-arm64": "0.25.12",
        "@esbuild/sunos-x64": "0.25.12",
        "@esbuild/win32-arm64": "0.25.12",
        "@esbuild/win32-ia32": "0.25.12",
        "@esbuild/win32-x64": "0.25.12"
      }
    },
    "node_modules/estree-walker": {
      "version": "2.0.2",
      "resolved": "https://registry.npmjs.org/estree-walker/-/estree-walker-2.0.2.tgz",
      "integrity": "sha512-Rfkk/Mp/DL7JVje3u18FxFujQlTNR2q6QfMSMB7AvCBx91NGj/ba3kCfza0f6dVDbw7YlRf/nDrn7pQrCCyQ/w=="
    },
    "node_modules/fast-deep-equal": {
      "version": "3.1.3",
      "resolved": "https://registry.npmjs.org/fast-deep-equal/-/fast-deep-equal-3.1.3.tgz",
      "integrity": "sha512-f3qQ9oQy9j2AhBe/H9VC91wLmKBCCU/gDOnKNAYG5hswO7BLKj09Hc5HYNz9cGI++xlpDCIgDaitVs03ATR84Q=="
    },
    "node_modules/fast-uri": {
      "version": "3.1.0",
      "resolved": "https://registry.npmjs.org/fast-uri/-/fast-uri-3.1.0.tgz",
      "integrity": "sha512-iPeeDKJSWf4IEOasVVrknXpaBV0IApz/gp7S2bb7Z4Lljbl2MGJRqInZiUrQwV16cpzw/D3S5j5Julj/gT52AA==",
      "funding": [
        {
          "type": "github",
          "url": "https://github.com/sponsors/fastify"
        },
        {
          "type": "opencollective",
          "url": "https://opencollective.com/fastify"
        }
      ]
    },
    "node_modules/fdir": {
      "version": "6.5.0",
      "resolved": "https://registry.npmjs.org/fdir/-/fdir-6.5.0.tgz",
      "integrity": "sha512-tIbYtZbucOs0BRGqPJkshJUYdL+SDH7dVM8gjy+ERp3WAUjLEFJE+02kanyHtwjWOnwrKYBiwAmM0p4kLJAnXg==",
      "engines": {
        "node": ">=12.0.0"
      },
      "peerDependencies": {
        "picomatch": "^3 || ^4"
      },
      "peerDependenciesMeta": {
        "picomatch": {
          "optional": true
        }
      }
    },
    "node_modules/highlight.js": {
      "version": "11.11.1",
      "resolved": "https://registry.npmjs.org/highlight.js/-/highlight.js-11.11.1.tgz",
      "integrity": "sha512-Xwwo44whKBVCYoliBQwaPvtd/2tYFkRQtXDWj1nackaV2JPXx3L0+Jvd8/qCJ2p+ML0/XVkJ2q+Mr+UVdpJK5w==",
      "engines": {
        "node": ">=12.0.0"
      }
    },
    "node_modules/hookable": {
      "version": "5.5.3",
      "resolved": "https://registry.npmjs.org/hookable/-/hookable-5.5.3.tgz",
      "integrity": "sha512-Yc+BQe8SvoXH1643Qez1zqLRmbA5rCL+sSmk6TVos0LWVfNIB7PGncdlId77WzLGSIB5KaWgTaNTs2lNVEI6VQ=="
    },
    "node_modules/immer": {
      "version": "10.2.0",
      "resolved": "https://registry.npmjs.org/immer/-/immer-10.2.0.tgz",
      "integrity": "sha512-d/+XTN3zfODyjr89gM3mPq1WNX2B8pYsu7eORitdwyA2sBubnTl3laYlBk4sXY5FUa5qTZGBDPJICVbvqzjlbw==",
      "funding": {
        "type": "opencollective",
        "url": "https://opencollective.com/immer"
      }
    },
    "node_modules/is-reference": {
      "version": "1.2.1",
      "resolved": "https://registry.npmjs.org/is-reference/-/is-reference-1.2.1.tgz",
      "integrity": "sha512-U82MsXXiFIrjCK4otLT+o2NA2Cd2g5MLoOVXUZjIOhLurrRxpEXzI8O0KZHr3IjLvlAH1kTPYSuqer5T9ZVBKQ==",
      "dependencies": {
        "@types/estree": "*"
      }
    },
    "node_modules/is-what": {
      "version": "5.5.0",
      "resolved": "https://registry.npmjs.org/is-what/-/is-what-5.5.0.tgz",
      "integrity": "sha512-oG7cgbmg5kLYae2N5IVd3jm2s+vldjxJzK1pcu9LfpGuQ93MQSzo0okvRna+7y5ifrD+20FE8FvjusyGaz14fw==",
      "engines": {
        "node": ">=18"
      },
      "funding": {
        "url": "https://github.com/sponsors/mesqueeb"
      }
    },
    "node_modules/js-yaml": {
      "version": "4.1.0",
      "resolved": "https://registry.npmjs.org/js-yaml/-/js-yaml-4.1.0.tgz",
      "integrity": "sha512-wpxZs9NoxZaJESJGIZTyDEaYpl0FKSA+FB9aJiyemKhMwkxQg63h4T1KJgUGHpTqPDNRcmmYLugrRjJlBtWvRA==",
      "dependencies": {
        "argparse": "^2.0.1"
      },
      "bin": {
        "js-yaml": "bin/js-yaml.js"
      }
    },
    "node_modules/json-schema-traverse": {
      "version": "1.0.0",
      "resolved": "https://registry.npmjs.org/json-schema-traverse/-/json-schema-traverse-1.0.0.tgz",
      "integrity": "sha512-NM8/P9n3XjXhIZn1lLhkFaACTOURQXjWhV4BA/RnOv8xvgqtqpAX9IO4mRQxSx1Rlo4tqzeqb0sOlruaOy3dug=="
    },
    "node_modules/just-clone": {
      "version": "6.2.0",
      "resolved": "https://registry.npmjs.org/just-clone/-/just-clone-6.2.0.tgz",
      "integrity": "sha512-1IynUYEc/HAwxhi3WDpIpxJbZpMCvvrrmZVqvj9EhpvbH8lls7HhdhiByjL7DkAaWlLIzpC0Xc/VPvy/UxLNjA=="
    },
    "node_modules/konva": {
      "version": "9.3.22",
      "resolved": "https://registry.npmjs.org/konva/-/konva-9.3.22.tgz",
      "integrity": "sha512-yQI5d1bmELlD/fowuyfOp9ff+oamg26WOCkyqUyc+nczD/lhRa3EvD2MZOoc4c1293TAubW9n34fSQLgSeEgSw==",
      "funding": [
        {
          "type": "patreon",
          "url": "https://www.patreon.com/lavrton"
        },
        {
          "type": "opencollective",
          "url": "https://opencollective.com/konva"
        },
        {
          "type": "github",
          "url": "https://github.com/sponsors/lavrton"
        }
      ]
    },
    "node_modules/magic-string": {
      "version": "0.30.21",
      "resolved": "https://registry.npmjs.org/magic-string/-/magic-string-0.30.21.tgz",
      "integrity": "sha512-vd2F4YUyEXKGcLHoq+TEyCjxueSeHnFxyyjNp80yg0XV4vUhnDer/lvvlqM/arB5bXQN5K2/3oinyCRyx8T2CQ==",
      "dependencies": {
        "@jridgewell/sourcemap-codec": "^1.5.5"
      }
    },
    "node_modules/magicast": {
      "version": "0.3.5",
      "resolved": "https://registry.npmjs.org/magicast/-/magicast-0.3.5.tgz",
      "integrity": "sha512-L0WhttDl+2BOsybvEOLK7fW3UA0OQ0IQ2d6Zl2x/a6vVRs3bAY0ECOSHHeL5jD+SbOpOCUEi0y1DgHEn9Qn1AQ==",
      "dependencies": {
        "@babel/parser": "^7.25.4",
        "@babel/types": "^7.25.4",
        "source-map-js": "^1.2.0"
      }
    },
    "node_modules/marked": {
      "version": "15.0.12",
      "resolved": "https://registry.npmjs.org/marked/-/marked-15.0.12.tgz",
      "integrity": "sha512-8dD6FusOQSrpv9Z1rdNMdlSgQOIP880DHqnohobOmYLElGEqAL/JvxvuxZO16r4HtjTlfPRDC1hbvxC9dPN2nA==",
      "bin": {
        "marked": "bin/marked.js"
      },
      "engines": {
        "node": ">= 18"
      }
    },
    "node_modules/mitt": {
      "version": "3.0.1",
      "resolved": "https://registry.npmjs.org/mitt/-/mitt-3.0.1.tgz",
      "integrity": "sha512-vKivATfr97l2/QBCYAkXYDbrIWPM2IIKEl7YPhjCvKlG3kE2gm+uBo6nEXK3M5/Ffh/FLpKExzOQ3JJoJGFKBw=="
    },
    "node_modules/ms": {
      "version": "2.1.3",
      "resolved": "https://registry.npmjs.org/ms/-/ms-2.1.3.tgz",
      "integrity": "sha512-6FlzubTLZG3J2a/NVCAleEhjzq5oxgHyaCU9yYXvcLsvoVaHJq/s5xXI6/XXP6tz7R9xAOtHnSO/tXtF3WRTlA=="
    },
    "node_modules/muggle-string": {
      "version": "0.4.1",
      "resolved": "https://registry.npmjs.org/muggle-string/-/muggle-string-0.4.1.tgz",
      "integrity": "sha512-VNTrAak/KhO2i8dqqnqnAHOa3cYBwXEZe9h+D5h/1ZqFSTEFHdM65lR7RoIqq3tBBYavsOXV84NoHXZ0AkPyqQ=="
    },
    "node_modules/nanoid": {
      "version": "3.3.11",
      "resolved": "https://registry.npmjs.org/nanoid/-/nanoid-3.3.11.tgz",
      "integrity": "sha512-N8SpfPUnUp1bK+PMYW8qSWdl9U+wwNWI4QKxOYDy9JAro3WMX7p2OeVRF9v+347pnakNevPmiHhNmZ2HbFA76w==",
      "funding": [
        {
          "type": "github",
          "url": "https://github.com/sponsors/ai"
        }
      ],
      "bin": {
        "nanoid": "bin/nanoid.cjs"
      },
      "engines": {
        "node": "^10 || ^12 || ^13.7 || ^14 || >=15.0.1"
      }
    },
    "node_modules/notyf": {
      "version": "3.10.0",
      "resolved": "https://registry.npmjs.org/notyf/-/notyf-3.10.0.tgz",
      "integrity": "sha512-Mtnp+0qiZxgrH+TzVlzhWyZceHdAZ/UWK0/ju9U0HQeDpap1mZ8cC7H5wSI5mwgni6yeAjaxsTw0sbMK+aSuHw=="
    },
    "node_modules/path-browserify": {
      "version": "1.0.1",
      "resolved": "https://registry.npmjs.org/path-browserify/-/path-browserify-1.0.1.tgz",
      "integrity": "sha512-b7uo2UCUOYZcnF/3ID0lulOJi/bafxa1xPe7ZPsammBSpjSWQkjNxlt635YGS2MiR9GjvuXCtz2emr3jbsz98g=="
    },
    "node_modules/perfect-debounce": {
      "version": "1.0.0",
      "resolved": "https://registry.npmjs.org/perfect-debounce/-/perfect-debounce-1.0.0.tgz",
      "integrity": "sha512-xCy9V055GLEqoFaHoC1SoLIaLmWctgCUaBaWxDZ7/Zx4CTyX7cJQLJOok/orfjZAh9kEYpjJa4d0KcJmCbctZA=="
    },
    "node_modules/picocolors": {
      "version": "1.1.1",
      "resolved": "https://registry.npmjs.org/picocolors/-/picocolors-1.1.1.tgz",
      "integrity": "sha512-xceH2snhtb5M9liqDsmEw56le376mTZkEX/jEb/RxNFyegNul7eNslCXP9FDj/Lcu0X8KEyMceP2ntpaHrDEVA=="
    },
    "node_modules/picomatch": {
      "version": "4.0.3",
      "resolved": "https://registry.npmjs.org/picomatch/-/picomatch-4.0.3.tgz",
      "integrity": "sha512-5gTmgEY/sqK6gFXLIsQNH19lWb4ebPDLA4SdLP7dsWkIXHWlG66oPuVvXSGFPppYZz8ZDZq0dYYrbHfBCVUb1Q==",
      "engines": {
        "node": ">=12"
      },
      "funding": {
        "url": "https://github.com/sponsors/jonschlinkert"
      }
    },
    "node_modules/pinia": {
      "version": "3.0.4",
      "resolved": "https://registry.npmjs.org/pinia/-/pinia-3.0.4.tgz",
      "integrity": "sha512-l7pqLUFTI/+ESXn6k3nu30ZIzW5E2WZF/LaHJEpoq6ElcLD+wduZoB2kBN19du6K/4FDpPMazY2wJr+IndBtQw==",
      "dependencies": {
        "@vue/devtools-api": "^7.7.7"
      },
      "funding": {
        "url": "https://github.com/sponsors/posva"
      },
      "peerDependencies": {
        "typescript": ">=4.5.0",
        "vue": "^3.5.11"
      },
      "peerDependenciesMeta": {
        "typescript": {
          "optional": true
        }
      }
    },
    "node_modules/postcss": {
      "version": "8.5.6",
      "resolved": "https://registry.npmjs.org/postcss/-/postcss-8.5.6.tgz",
      "integrity": "sha512-3Ybi1tAuwAP9s0r1UQ2J4n5Y0G05bJkpUIO0/bI9MhwmD70S5aTWbXGBwxHrelT+XM1k6dM0pk+SwNkpTRN7Pg==",
      "funding": [
        {
          "type": "opencollective",
          "url": "https://opencollective.com/postcss/"
        },
        {
          "type": "tidelift",
          "url": "https://tidelift.com/funding/github/npm/postcss"
        },
        {
          "type": "github",
          "url": "https://github.com/sponsors/ai"
        }
      ],
      "dependencies": {
        "nanoid": "^3.3.11",
        "picocolors": "^1.1.1",
        "source-map-js": "^1.2.1"
      },
      "engines": {
        "node": "^10 || ^12 || >=14"
      }
    },
    "node_modules/require-from-string": {
      "version": "2.0.2",
      "resolved": "https://registry.npmjs.org/require-from-string/-/require-from-string-2.0.2.tgz",
      "integrity": "sha512-Xf0nWe6RseziFMu+Ap9biiUbmplq6S9/p+7w7YXP/JBHhrUDDUhwa+vANyubuqfZWTveU//DYVGsDG7RKL/vEw==",
      "engines": {
        "node": ">=0.10.0"
      }
    },
    "node_modules/rfdc": {
      "version": "1.4.1",
      "resolved": "https://registry.npmjs.org/rfdc/-/rfdc-1.4.1.tgz",
      "integrity": "sha512-q1b3N5QkRUWUl7iyylaaj3kOpIT0N2i9MqIEQXP73GVsN9cw3fdx8X63cEmWhJGi2PPCF23Ijp7ktmd39rawIA=="
    },
    "node_modules/rollup": {
      "version": "4.52.5",
      "resolved": "https://registry.npmjs.org/rollup/-/rollup-4.52.5.tgz",
      "integrity": "sha512-3GuObel8h7Kqdjt0gxkEzaifHTqLVW56Y/bjN7PSQtkKr0w3V/QYSdt6QWYtd7A1xUtYQigtdUfgj1RvWVtorw==",
      "devOptional": true,
      "dependencies": {
        "@types/estree": "1.0.8"
      },
      "bin": {
        "rollup": "dist/bin/rollup"
      },
      "engines": {
        "node": ">=18.0.0",
        "npm": ">=8.0.0"
      },
      "optionalDependencies": {
        "@rollup/rollup-android-arm-eabi": "4.52.5",
        "@rollup/rollup-android-arm64": "4.52.5",
        "@rollup/rollup-darwin-arm64": "4.52.5",
        "@rollup/rollup-darwin-x64": "4.52.5",
        "@rollup/rollup-freebsd-arm64": "4.52.5",
        "@rollup/rollup-freebsd-x64": "4.52.5",
        "@rollup/rollup-linux-arm-gnueabihf": "4.52.5",
        "@rollup/rollup-linux-arm-musleabihf": "4.52.5",
        "@rollup/rollup-linux-arm64-gnu": "4.52.5",
        "@rollup/rollup-linux-arm64-musl": "4.52.5",
        "@rollup/rollup-linux-loong64-gnu": "4.52.5",
        "@rollup/rollup-linux-ppc64-gnu": "4.52.5",
        "@rollup/rollup-linux-riscv64-gnu": "4.52.5",
        "@rollup/rollup-linux-riscv64-musl": "4.52.5",
        "@rollup/rollup-linux-s390x-gnu": "4.52.5",
        "@rollup/rollup-linux-x64-gnu": "4.52.5",
        "@rollup/rollup-linux-x64-musl": "4.52.5",
        "@rollup/rollup-openharmony-arm64": "4.52.5",
        "@rollup/rollup-win32-arm64-msvc": "4.52.5",
        "@rollup/rollup-win32-ia32-msvc": "4.52.5",
        "@rollup/rollup-win32-x64-gnu": "4.52.5",
        "@rollup/rollup-win32-x64-msvc": "4.52.5",
        "fsevents": "~2.3.2"
      }
    },
    "node_modules/source-map-js": {
      "version": "1.2.1",
      "resolved": "https://registry.npmjs.org/source-map-js/-/source-map-js-1.2.1.tgz",
      "integrity": "sha512-UXWMKhLOwVKb728IUtQPXxfYU+usdybtUrK/8uGE8CQMvrhOpwvzDBwj0QhSL7MQc7vIsISBG8VQ8+IDQxpfQA==",
      "engines": {
        "node": ">=0.10.0"
      }
    },
    "node_modules/speakingurl": {
      "version": "14.0.1",
      "resolved": "https://registry.npmjs.org/speakingurl/-/speakingurl-14.0.1.tgz",
      "integrity": "sha512-1POYv7uv2gXoyGFpBCmpDVSNV74IfsWlDW216UPjbWufNf+bSU6GdbDsxdcxtfwb4xlI3yxzOTKClUosxARYrQ==",
      "engines": {
        "node": ">=0.10.0"
      }
    },
    "node_modules/splitpanes": {
      "version": "4.0.4",
      "resolved": "https://registry.npmjs.org/splitpanes/-/splitpanes-4.0.4.tgz",
      "integrity": "sha512-RbysugZhjbCw5fgplvk3hOXr41stahQDtZhHVkhnnJI6H4wlGDhM2kIpbehy7v92duy9GnMa8zIhHigIV1TWtg==",
      "funding": {
        "url": "https://github.com/sponsors/antoniandre"
      },
      "peerDependencies": {
        "vue": "^3.2.0"
      }
    },
    "node_modules/superjson": {
      "version": "2.2.5",
      "resolved": "https://registry.npmjs.org/superjson/-/superjson-2.2.5.tgz",
      "integrity": "sha512-zWPTX96LVsA/eVYnqOM2+ofcdPqdS1dAF1LN4TS2/MWuUpfitd9ctTa87wt4xrYnZnkLtS69xpBdSxVBP5Rm6w==",
      "dependencies": {
        "copy-anything": "^4"
      },
      "engines": {
        "node": ">=16"
      }
    },
    "node_modules/tinyglobby": {
      "version": "0.2.15",
      "resolved": "https://registry.npmjs.org/tinyglobby/-/tinyglobby-0.2.15.tgz",
      "integrity": "sha512-j2Zq4NyQYG5XMST4cbs02Ak8iJUdxRM0XI5QyxXuZOzKOINmWurp3smXu3y5wDcJrptwpSjgXHzIQxR0omXljQ==",
      "devOptional": true,
      "dependencies": {
        "fdir": "^6.5.0",
        "picomatch": "^4.0.3"
      },
      "engines": {
        "node": ">=12.0.0"
      },
      "funding": {
        "url": "https://github.com/sponsors/SuperchupuDev"
      }
    },
    "node_modules/typescript": {
      "version": "5.9.3",
      "resolved": "https://registry.npmjs.org/typescript/-/typescript-5.9.3.tgz",
      "integrity": "sha512-jl1vZzPDinLr9eUt3J/t7V6FgNEw9QjvBPdysz9KfQDD41fQrC2Y4vKQdiaUpFT4bXlb1RHhLpp8wtm6M5TgSw==",
      "bin": {
        "tsc": "bin/tsc",
        "tsserver": "bin/tsserver"
      },
      "engines": {
        "node": ">=14.17"
      }
    },
    "node_modules/upath": {
      "version": "2.0.1",
      "resolved": "https://registry.npmjs.org/upath/-/upath-2.0.1.tgz",
      "integrity": "sha512-1uEe95xksV1O0CYKXo8vQvN1JEbtJp7lb7C5U9HMsIp6IVwntkH/oNUzyVNQSd4S1sYk2FpSSW44FqMc8qee5w==",
      "devOptional": true,
      "engines": {
        "node": ">=4",
        "yarn": "*"
      }
    },
    "node_modules/vee-validate": {
      "version": "4.15.1",
      "resolved": "https://registry.npmjs.org/vee-validate/-/vee-validate-4.15.1.tgz",
      "integrity": "sha512-DkFsiTwEKau8VIxyZBGdO6tOudD+QoUBPuHj3e6QFqmbfCRj1ArmYWue9lEp6jLSWBIw4XPlDLjFIZNLdRAMSg==",
      "dependencies": {
        "@vue/devtools-api": "^7.5.2",
        "type-fest": "^4.8.3"
      },
      "peerDependencies": {
        "vue": "^3.4.26"
      }
    },
    "node_modules/vee-validate/node_modules/type-fest": {
      "version": "4.41.0",
      "resolved": "https://registry.npmjs.org/type-fest/-/type-fest-4.41.0.tgz",
      "integrity": "sha512-TeTSQ6H5YHvpqVwBRcnLDCBnDOHWYu7IvGbHT6N8AOymcr9PJGjc1GTtiWZTYg0NCgYwvnYWEkVChQAr9bjfwA==",
      "engines": {
        "node": ">=16"
      },
      "funding": {
        "url": "https://github.com/sponsors/sindresorhus"
      }
    },
    "node_modules/vite": {
      "version": "7.2.0",
      "resolved": "https://registry.npmjs.org/vite/-/vite-7.2.0.tgz",
      "integrity": "sha512-C/Naxf8H0pBx1PA4BdpT+c/5wdqI9ILMdwjSMILw7tVIh3JsxzZqdeTLmmdaoh5MYUEOyBnM9K3o0DzoZ/fe+w==",
      "devOptional": true,
      "dependencies": {
        "esbuild": "^0.25.0",
        "fdir": "^6.5.0",
        "picomatch": "^4.0.3",
        "postcss": "^8.5.6",
        "rollup": "^4.43.0",
        "tinyglobby": "^0.2.15"
      },
      "bin": {
        "vite": "bin/vite.js"
      },
      "engines": {
        "node": "^20.19.0 || >=22.12.0"
      },
      "funding": {
        "url": "https://github.com/vitejs/vite?sponsor=1"
      },
      "optionalDependencies": {
        "fsevents": "~2.3.3"
      },
      "peerDependencies": {
        "@types/node": "^20.19.0 || >=22.12.0",
        "jiti": ">=1.21.0",
        "less": "^4.0.0",
        "lightningcss": "^1.21.0",
        "sass": "^1.70.0",
        "sass-embedded": "^1.70.0",
        "stylus": ">=0.54.8",
        "sugarss": "^5.0.0",
        "terser": "^5.16.0",
        "tsx": "^4.8.1",
        "yaml": "^2.4.2"
      },
      "peerDependenciesMeta": {
        "@types/node": {
          "optional": true
        },
        "jiti": {
          "optional": true
        },
        "less": {
          "optional": true
        },
        "lightningcss": {
          "optional": true
        },
        "sass": {
          "optional": true
        },
        "sass-embedded": {
          "optional": true
        },
        "stylus": {
          "optional": true
        },
        "sugarss": {
          "optional": true
        },
        "terser": {
          "optional": true
        },
        "tsx": {
          "optional": true
        },
        "yaml": {
          "optional": true
        }
      }
    },
    "node_modules/vite-plugin-vuetify": {
      "version": "2.1.2",
      "resolved": "https://registry.npmjs.org/vite-plugin-vuetify/-/vite-plugin-vuetify-2.1.2.tgz",
      "integrity": "sha512-I/wd6QS+DO6lHmuGoi1UTyvvBTQ2KDzQZ9oowJQEJ6OcjWfJnscYXx2ptm6S7fJSASuZT8jGRBL3LV4oS3LpaA==",
      "devOptional": true,
      "dependencies": {
        "@vuetify/loader-shared": "^2.1.1",
        "debug": "^4.3.3",
        "upath": "^2.0.1"
      },
      "engines": {
        "node": "^18.0.0 || >=20.0.0"
      },
      "peerDependencies": {
        "vite": ">=5",
        "vue": "^3.0.0",
        "vuetify": "^3.0.0"
      }
    },
    "node_modules/vscode-uri": {
      "version": "3.1.0",
      "resolved": "https://registry.npmjs.org/vscode-uri/-/vscode-uri-3.1.0.tgz",
      "integrity": "sha512-/BpdSx+yCQGnCvecbyXdxHDkuk55/G3xwnC0GqY4gmQ3j+A+g8kzzgB4Nk/SINjqn6+waqw3EgbVF2QKExkRxQ=="
    },
    "node_modules/vue": {
      "version": "3.5.22",
      "resolved": "https://registry.npmjs.org/vue/-/vue-3.5.22.tgz",
      "integrity": "sha512-toaZjQ3a/G/mYaLSbV+QsQhIdMo9x5rrqIpYRObsJ6T/J+RyCSFwN2LHNVH9v8uIcljDNa3QzPVdv3Y6b9hAJQ==",
      "dependencies": {
        "@vue/compiler-dom": "3.5.22",
        "@vue/compiler-sfc": "3.5.22",
        "@vue/runtime-dom": "3.5.22",
        "@vue/server-renderer": "3.5.22",
        "@vue/shared": "3.5.22"
      },
      "peerDependencies": {
        "typescript": "*"
      },
      "peerDependenciesMeta": {
        "typescript": {
          "optional": true
        }
      }
    },
    "node_modules/vue-router": {
      "version": "4.5.1",
      "resolved": "https://registry.npmjs.org/vue-router/-/vue-router-4.5.1.tgz",
      "integrity": "sha512-ogAF3P97NPm8fJsE4by9dwSYtDwXIY1nFY9T6DyQnGHd1E2Da94w9JIolpe42LJGIl0DwOHBi8TcRPlPGwbTtw==",
      "dependencies": {
        "@vue/devtools-api": "^6.6.4"
      },
      "funding": {
        "url": "https://github.com/sponsors/posva"
      },
      "peerDependencies": {
        "vue": "^3.2.0"
      }
    },
    "node_modules/vue-router/node_modules/@vue/devtools-api": {
      "version": "6.6.4",
      "resolved": "https://registry.npmjs.org/@vue/devtools-api/-/devtools-api-6.6.4.tgz",
      "integrity": "sha512-sGhTPMuXqZ1rVOk32RylztWkfXTRhuS7vgAKv0zjqk8gbsHkJ7xfFf+jbySxt7tWObEJwyKaHMikV/WGDiQm8g=="
    },
    "node_modules/vue-tsc": {
      "version": "3.1.3",
      "resolved": "https://registry.npmjs.org/vue-tsc/-/vue-tsc-3.1.3.tgz",
      "integrity": "sha512-StMNfZHwPIXQgY3KxPKM0Jsoc8b46mDV3Fn2UlHCBIwRJApjqrSwqeMYgWf0zpN+g857y74pv7GWuBm+UqQe1w==",
      "dependencies": {
        "@volar/typescript": "2.4.23",
        "@vue/language-core": "3.1.3"
      },
      "bin": {
        "vue-tsc": "bin/vue-tsc.js"
      },
      "peerDependencies": {
        "typescript": ">=5.0.0"
      }
    },
    "node_modules/vuetify": {
      "version": "3.10.9",
      "resolved": "https://registry.npmjs.org/vuetify/-/vuetify-3.10.9.tgz",
      "integrity": "sha512-hVeBkkSJhbhbKOIfMQTmTJ1R1S+ZHp7k3r0wWwA28eUe3ulD/uY6nrF/AZ3ZIh+WRHiDqipWmG1RrrZGUtmZOg==",
      "funding": {
        "type": "github",
        "url": "https://github.com/sponsors/johnleider"
      },
      "peerDependencies": {
        "typescript": ">=4.7",
        "vite-plugin-vuetify": ">=2.1.0",
        "vue": "^3.5.0",
        "webpack-plugin-vuetify": ">=3.1.0"
      },
      "peerDependenciesMeta": {
        "typescript": {
          "optional": true
        },
        "vite-plugin-vuetify": {
          "optional": true
        },
        "webpack-plugin-vuetify": {
          "optional": true
        }
      }
    }
  }
}
